
Microsoft Visual Studio Solution File, Format Version 12.00
# Visual Studio Version 16
VisualStudioVersion = 16.0.29509.3
MinimumVisualStudioVersion = 10.0.40219.1
Project("{8BC9CEB8-8B4A-11D0-8D11-00A0C91BC942}") = "CommentsRemover", "CommentsRemover.vcxproj", "{0B0F01A7-BA33-4D3C-A2FB-A1713EB1168B}"
EndProject
Global
	GlobalSection(SolutionConfigurationPlatforms) = preSolution
		Debug|x64 = Debug|x64
		Debug|x86 = Debug|x86
		Release|x64 = Release|x64
		Release|x86 = Release|x86
	EndGlobalSection
	GlobalSection(ProjectConfigurationPlatforms) = postSolution
		{0B0F01A7-BA33-4D3C-A2FB-A1713EB1168B}.Debug|x64.ActiveCfg = Debug|x64
		{0B0F01A7-BA33-4D3C-A2FB-A1713EB1168B}.Debug|x64.Build.0 = Debug|x64
		{0B0F01A7-BA33-4D3C-A2FB-A1713EB1168B}.Debug|x86.ActiveCfg = Debug|Win32
		{0B0F01A7-BA33-4D3C-A2FB-A1713EB1168B}.Debug|x86.Build.0 = Debug|Win32
		{0B0F01A7-BA33-4D3C-A2FB-A1713EB1168B}.Release|x64.ActiveCfg = Release|x64
		{0B0F01A7-BA33-4D3C-A2FB-A1713EB1168B}.Release|x64.Build.0 = Release|x64
		{0B0F01A7-BA33-4D3C-A2FB-A1713EB1168B}.Release|x86.ActiveCfg = Release|Win32
		{0B0F01A7-BA33-4D3C-A2FB-A1713EB1168B}.Release|x86.Build.0 = Release|Win32
	EndGlobalSection
	GlobalSection(SolutionProperties) = preSolution
		HideSolutionNode = FALSE
	EndGlobalSection
	GlobalSection(ExtensibilityGlobals) = postSolution
		SolutionGuid = {C7FC4DD4-53F1-4C9E-9A4B-3C72ED42FFE2}
	EndGlobalSection
EndGlobal
